{
  "requires": true,
  "lockfileVersion": 1,
  "dependencies": {
    "@vue/reactivity": {
      "version": "3.0.0",
      "resolved": "https://registry.npmjs.org/@vue/reactivity/-/reactivity-3.0.0.tgz",
      "integrity": "sha512-mEGkztGQrAPZRhV7C6PorrpT3+NtuA4dY2QjMzzrW31noKhssWTajRZTwpLF39NBRrF5UU6cp9+1I0FfavMgEQ==",
      "requires": {
        "@vue/shared": "3.0.0"
      }
    },
    "@vue/shared": {
      "version": "3.0.0",
      "resolved": "https://registry.npmjs.org/@vue/shared/-/shared-3.0.0.tgz",
      "integrity": "sha512-4XWL/avABGxU2E2ZF1eZq3Tj7fvksCMssDZUHOykBIMmh5d+KcAnQMC5XHMhtnA0NAvktYsA2YpdsVwVmhWzvA=="
    }
  }
}
